
Microsoft Visual Studio Solution File, Format Version 12.00
# Visual Studio Version 17
VisualStudioVersion = 17.9.34622.214
MinimumVisualStudioVersion = 10.0.40219.1
Project("{FAE04EC0-301F-11D3-BF4B-00C04F79EFBC}") = "02.Multi Document Interface (MDI) Forms", "02.Multi Document Interface (MDI) Forms\02.Multi Document Interface (MDI) Forms.csproj", "{BCFE273B-8716-474B-A2CB-632D9D164F9D}"
EndProject
Global
	GlobalSection(SolutionConfigurationPlatforms) = preSolution
		Debug|Any CPU = Debug|Any CPU
		Release|Any CPU = Release|Any CPU
	EndGlobalSection
	GlobalSection(ProjectConfigurationPlatforms) = postSolution
		{BCFE273B-8716-474B-A2CB-632D9D164F9D}.Debug|Any CPU.ActiveCfg = Debug|Any CPU
		{BCFE273B-8716-474B-A2CB-632D9D164F9D}.Debug|Any CPU.Build.0 = Debug|Any CPU
		{BCFE273B-8716-474B-A2CB-632D9D164F9D}.Release|Any CPU.ActiveCfg = Release|Any CPU
		{BCFE273B-8716-474B-A2CB-632D9D164F9D}.Release|Any CPU.Build.0 = Release|Any CPU
	EndGlobalSection
	GlobalSection(SolutionProperties) = preSolution
		HideSolutionNode = FALSE
	EndGlobalSection
	GlobalSection(ExtensibilityGlobals) = postSolution
		SolutionGuid = {514A5AA1-8334-4067-AECD-417F2907C220}
	EndGlobalSection
EndGlobal
