
Microsoft Visual Studio Solution File, Format Version 12.00
# Visual Studio Version 17
VisualStudioVersion = 17.9.34622.214
MinimumVisualStudioVersion = 10.0.40219.1
Project("{FAE04EC0-301F-11D3-BF4B-00C04F79EFBC}") = "userControl", "userControl\userControl.csproj", "{6A4B4100-AAEB-418F-99C0-68EE8ADAC511}"
EndProject
Global
	GlobalSection(SolutionConfigurationPlatforms) = preSolution
		Debug|Any CPU = Debug|Any CPU
		Release|Any CPU = Release|Any CPU
	EndGlobalSection
	GlobalSection(ProjectConfigurationPlatforms) = postSolution
		{6A4B4100-AAEB-418F-99C0-68EE8ADAC511}.Debug|Any CPU.ActiveCfg = Debug|Any CPU
		{6A4B4100-AAEB-418F-99C0-68EE8ADAC511}.Debug|Any CPU.Build.0 = Debug|Any CPU
		{6A4B4100-AAEB-418F-99C0-68EE8ADAC511}.Release|Any CPU.ActiveCfg = Release|Any CPU
		{6A4B4100-AAEB-418F-99C0-68EE8ADAC511}.Release|Any CPU.Build.0 = Release|Any CPU
	EndGlobalSection
	GlobalSection(SolutionProperties) = preSolution
		HideSolutionNode = FALSE
	EndGlobalSection
	GlobalSection(ExtensibilityGlobals) = postSolution
		SolutionGuid = {34F17A37-87D1-4E0B-BFFF-9ACD1953B1F6}
	EndGlobalSection
EndGlobal
